{
  "name": "TheForemanDevDeps",
  "version": "1.14.0",
  "dependencies": {
    "postcss-svgo": {
      "version": "2.1.4",
      "from": "postcss-svgo@>=2.1.1 <3.0.0",
      "resolved": "https://registry.npmjs.org/postcss-svgo/-/postcss-svgo-2.1.4.tgz"
    },
    "svgo": {
      "version": "0.6.6",
      "from": "svgo@>=0.6.0 <0.7.0",
      "resolved": "https://registry.npmjs.org/svgo/-/svgo-0.6.6.tgz"
    }
  }
}
